
Microsoft Visual Studio Solution File, Format Version 12.00
# Visual Studio Version 16
VisualStudioVersion = 16.0.29324.140
MinimumVisualStudioVersion = 10.0.40219.1
Project("{FAE04EC0-301F-11D3-BF4B-00C04F79EFBC}") = "ParallelLesson", "ParallelLesson\ParallelLesson.csproj", "{285ADE4F-6ADF-4B16-9A6D-79D1D89B7B76}"
EndProject
Global
	GlobalSection(SolutionConfigurationPlatforms) = preSolution
		Debug|Any CPU = Debug|Any CPU
		Release|Any CPU = Release|Any CPU
	EndGlobalSection
	GlobalSection(ProjectConfigurationPlatforms) = postSolution
		{285ADE4F-6ADF-4B16-9A6D-79D1D89B7B76}.Debug|Any CPU.ActiveCfg = Debug|Any CPU
		{285ADE4F-6ADF-4B16-9A6D-79D1D89B7B76}.Debug|Any CPU.Build.0 = Debug|Any CPU
		{285ADE4F-6ADF-4B16-9A6D-79D1D89B7B76}.Release|Any CPU.ActiveCfg = Release|Any CPU
		{285ADE4F-6ADF-4B16-9A6D-79D1D89B7B76}.Release|Any CPU.Build.0 = Release|Any CPU
	EndGlobalSection
	GlobalSection(SolutionProperties) = preSolution
		HideSolutionNode = FALSE
	EndGlobalSection
	GlobalSection(ExtensibilityGlobals) = postSolution
		SolutionGuid = {271080E8-91C4-4FC6-854E-100C47209044}
	EndGlobalSection
EndGlobal
